
Microsoft Visual Studio Solution File, Format Version 12.00
# Visual Studio 15
VisualStudioVersion = 15.0.28307.645
MinimumVisualStudioVersion = 10.0.40219.1
Project("{FAE04EC0-301F-11D3-BF4B-00C04F79EFBC}") = "TalentLeaveRound", "TalentLeaveRound\TalentLeaveRound.csproj", "{9A2E1DE5-EFAC-4252-AC4F-11FC60984E1D}"
EndProject
Global
	GlobalSection(SolutionConfigurationPlatforms) = preSolution
		Debug|Any CPU = Debug|Any CPU
		Release|Any CPU = Release|Any CPU
	EndGlobalSection
	GlobalSection(ProjectConfigurationPlatforms) = postSolution
		{9A2E1DE5-EFAC-4252-AC4F-11FC60984E1D}.Debug|Any CPU.ActiveCfg = Debug|Any CPU
		{9A2E1DE5-EFAC-4252-AC4F-11FC60984E1D}.Debug|Any CPU.Build.0 = Debug|Any CPU
		{9A2E1DE5-EFAC-4252-AC4F-11FC60984E1D}.Release|Any CPU.ActiveCfg = Release|Any CPU
		{9A2E1DE5-EFAC-4252-AC4F-11FC60984E1D}.Release|Any CPU.Build.0 = Release|Any CPU
	EndGlobalSection
	GlobalSection(SolutionProperties) = preSolution
		HideSolutionNode = FALSE
	EndGlobalSection
	GlobalSection(ExtensibilityGlobals) = postSolution
		SolutionGuid = {0E197B03-4A95-4607-9BD2-48926374A1E9}
	EndGlobalSection
EndGlobal
